{
  "name": "REPLACE_ME",
  "version": "1.0.0",
  "lockfileVersion": 3,
  "requires": true,
  "packages": {
    "": {
      "name": "REPLACE_ME",
      "version": "1.0.0",
      "hasInstallScript": true,
      "license": "MIT",
      "devDependencies": {
        "@types/node": "^20.5.7",
        "typescript": "^5.2.2"
      },
      "engines": {
        "vscode": "^1.75.0"
      }
    },
    "client": {
      "name": "webawesome-lsp-client",
      "version": "0.0.1",
      "extraneous": true,
      "license": "MIT",
      "dependencies": {
        "vscode-languageclient": "^8.1.0"
      },
      "devDependencies": {
        "@types/vscode": "^1.81.0"
      },
      "engines": {
        "vscode": "^1.75.0"
      }
    },
    "core": {
      "name": "webawesome-lsp-core",
      "version": "1.0.0",
      "extraneous": true,
      "license": "MIT",
      "dependencies": {
        "css-tree": "^3.1.0"
      },
      "devDependencies": {
        "@types/css-tree": "^2.3.9"
      },
      "engines": {
        "node": "*"
      }
    },
    "node_modules/@types/node": {
      "version": "20.5.7",
      "resolved": "https://registry.npmjs.org/@types/node/-/node-20.5.7.tgz",
      "integrity": "sha512-dP7f3LdZIysZnmvP3ANJYTSwg+wLLl8p7RqniVlV7j+oXSXAbt9h0WIBFmJy5inWZoX9wZN6eXx+YXd9Rh3RBA==",
      "dev": true
    },
    "node_modules/typescript": {
      "version": "5.2.2",
      "resolved": "https://registry.npmjs.org/typescript/-/typescript-5.2.2.tgz",
      "integrity": "sha512-mI4WrpHsbCIcwT9cF4FZvr80QUeKvsUsUvKDoR+X/7XHQH98xYD8YHZg7ANtz2GtZt/CBq2QJ0thkGJMHfqc1w==",
      "dev": true,
      "bin": {
        "tsc": "bin/tsc",
        "tsserver": "bin/tsserver"
      },
      "engines": {
        "node": ">=14.17"
      }
    },
    "server": {
      "name": "webawesome-lsp-server",
      "version": "1.0.0",
      "extraneous": true,
      "license": "MIT",
      "dependencies": {
        "vscode-languageserver": "^8.1.0",
        "vscode-languageserver-textdocument": "^1.0.8"
      },
      "engines": {
        "node": "*"
      }
    }
  }
}
